<?xml version="1.0" encoding="utf-8"?>
<Project ToolsVersion="4.0" xmlns="http://schemas.microsoft.com/developer/msbuild/2003">
  <ItemGroup>
    <Filter Include="Source Files">
      <UniqueIdentifier>{4FC737F1-C7A5-4376-A066-2A32D752A2FF}</UniqueIdentifier>
      <Extensions>cpp;c;cc;cxx;def;odl;idl;hpj;bat;asm;asmx</Extensions>
    </Filter>
    <Filter Include="Header Files">
      <UniqueIdentifier>{93995380-89BD-4b04-88EB-625FBE52EBFB}</UniqueIdentifier>
      <Extensions>h;hh;hpp;hxx;hm;inl;inc;xsd</Extensions>
    </Filter>
    <Filter Include="Resource Files">
      <UniqueIdentifier>{67DA6AB6-F800-4c08-8B7A-83BB121AAD01}</UniqueIdentifier>
      <Extensions>rc;ico;cur;bmp;dlg;rc2;rct;bin;rgs;gif;jpg;jpeg;jpe;resx;tiff;tif;png;wav;mfcribbon-ms</Extensions>
    </Filter>
    <Filter Include="Header Files\Geo">
      <UniqueIdentifier>{b16059ab-9b6c-4fd7-82ca-94ebac7d0c31}</UniqueIdentifier>
    </Filter>
    <Filter Include="Source Files\Geo">
      <UniqueIdentifier>{d9f95b28-cc4e-4372-9c15-84d0c8a37590}</UniqueIdentifier>
    </Filter>
    <Filter Include="Header Files\Draw">
      <UniqueIdentifier>{0030cf84-6f80-4215-9a31-e65f37c37781}</UniqueIdentifier>
    </Filter>
    <Filter Include="Source Files\Draw">
      <UniqueIdentifier>{27d4ba67-3d20-4461-ada0-7d2dbbc983a5}</UniqueIdentifier>
    </Filter>
    <Filter Include="Header Files\Render">
      <UniqueIdentifier>{52f22155-3ca2-4646-a44d-605e2d7db90e}</UniqueIdentifier>
    </Filter>
    <Filter Include="Source Files\Render">
      <UniqueIdentifier>{7c968970-987c-4c37-8221-e7979e94a8cb}</UniqueIdentifier>
    </Filter>
  </ItemGroup>
  <ItemGroup>
    <ClCompile Include="App.cpp">
      <Filter>Source Files</Filter>
    </ClCompile>
    <ClCompile Include="Main.cpp">
      <Filter>Source Files</Filter>
    </ClCompile>
    <ClCompile Include="Geo\Matrix.cpp">
      <Filter>Source Files\Geo</Filter>
    </ClCompile>
    <ClCompile Include="Geo\Transformation.cpp">
      <Filter>Source Files\Geo</Filter>
    </ClCompile>
    <ClCompile Include="Geo\Vector.cpp">
      <Filter>Source Files\Geo</Filter>
    </ClCompile>
    <ClCompile Include="BptFileLoader.cpp">
      <Filter>Source Files</Filter>
    </ClCompile>
    <ClCompile Include="Draw\Framebuffer.cpp">
      <Filter>Source Files\Draw</Filter>
    </ClCompile>
    <ClCompile Include="Draw\Context.cpp">
      <Filter>Source Files\Draw</Filter>
    </ClCompile>
    <ClCompile Include="Render\Clipper.cpp">
      <Filter>Source Files\Render</Filter>
    </ClCompile>
    <ClCompile Include="Render\Grid.cpp">
      <Filter>Source Files\Render</Filter>
    </ClCompile>
    <ClCompile Include="Render\Mesh.cpp">
      <Filter>Source Files\Render</Filter>
    </ClCompile>
    <ClCompile Include="Render\Object.cpp">
      <Filter>Source Files\Render</Filter>
    </ClCompile>
    <ClCompile Include="Render\Patch.cpp">
      <Filter>Source Files\Render</Filter>
    </ClCompile>
    <ClCompile Include="Render\Triangle.cpp">
      <Filter>Source Files\Render</Filter>
    </ClCompile>
    <ClCompile Include="Render\Objects.cpp">
      <Filter>Source Files\Render</Filter>
    </ClCompile>
    <ClCompile Include="Render\Config.cpp">
      <Filter>Source Files\Render</Filter>
    </ClCompile>
    <ClCompile Include="Render\Primitive.cpp">
      <Filter>Source Files\Render</Filter>
    </ClCompile>
    <ClCompile Include="Render\Texture.cpp">
      <Filter>Source Files\Render</Filter>
    </ClCompile>
    <ClCompile Include="BmpFileLoader.cpp">
      <Filter>Source Files</Filter>
    </ClCompile>
  </ItemGroup>
  <ItemGroup>
    <ClInclude Include="App.hpp">
      <Filter>Header Files</Filter>
    </ClInclude>
    <ClInclude Include="Geo\Matrix.hpp">
      <Filter>Header Files\Geo</Filter>
    </ClInclude>
    <ClInclude Include="Geo\Transformation.hpp">
      <Filter>Header Files\Geo</Filter>
    </ClInclude>
    <ClInclude Include="Geo\Vector.hpp">
      <Filter>Header Files\Geo</Filter>
    </ClInclude>
    <ClInclude Include="BptFileLoader.hpp">
      <Filter>Header Files</Filter>
    </ClInclude>
    <ClInclude Include="Draw\Color.hpp">
      <Filter>Header Files\Draw</Filter>
    </ClInclude>
    <ClInclude Include="Draw\Framebuffer.hpp">
      <Filter>Header Files\Draw</Filter>
    </ClInclude>
    <ClInclude Include="Draw\Context.hpp">
      <Filter>Header Files\Draw</Filter>
    </ClInclude>
    <ClInclude Include="Render\Clipper.hpp">
      <Filter>Header Files\Render</Filter>
    </ClInclude>
    <ClInclude Include="Render\Grid.hpp">
      <Filter>Header Files\Render</Filter>
    </ClInclude>
    <ClInclude Include="Render\Mesh.hpp">
      <Filter>Header Files\Render</Filter>
    </ClInclude>
    <ClInclude Include="Render\Object.hpp">
      <Filter>Header Files\Render</Filter>
    </ClInclude>
    <ClInclude Include="Render\Patch.hpp">
      <Filter>Header Files\Render</Filter>
    </ClInclude>
    <ClInclude Include="Render\Triangle.hpp">
      <Filter>Header Files\Render</Filter>
    </ClInclude>
    <ClInclude Include="Render\Objects.hpp">
      <Filter>Header Files\Render</Filter>
    </ClInclude>
    <ClInclude Include="Render\Config.hpp">
      <Filter>Header Files\Render</Filter>
    </ClInclude>
    <ClInclude Include="Render\Primitive.hpp">
      <Filter>Header Files\Render</Filter>
    </ClInclude>
    <ClInclude Include="Render\Texture.hpp">
      <Filter>Header Files\Render</Filter>
    </ClInclude>
    <ClInclude Include="BmpFileLoader.hpp">
      <Filter>Header Files</Filter>
    </ClInclude>
  </ItemGroup>
</Project>